{
  "pins" : [
    {
      "identity" : "acmnetworking",
      "kind" : "remoteSourceControl",
      "location" : "https://github.com/AppcentMobile/ACMNetworking.git",
      "state" : {
        "branch" : "main",
        "revision" : "3537b4907f301dc60b5eb9c56d101c7995353ae7"
      }
    }
  ],
  "version" : 2
}
