{
  "pins" : [
    {
      "identity" : "acmnetworking",
      "kind" : "remoteSourceControl",
      "location" : "https://github.com/AppcentMobile/ACMNetworking.git",
      "state" : {
        "revision" : "2c10143eb8f9b9e70b101e5153e80ca2c46b0b80",
        "version" : "1.1.3"
      }
    }
  ],
  "version" : 2
}
