{
  "pins" : [
    {
      "identity" : "acmnetworking",
      "kind" : "remoteSourceControl",
      "location" : "https://github.com/AppcentMobile/ACMNetworking.git",
      "state" : {
        "revision" : "d2604351f88a8ad02eac1904ed89ccacf02c272c",
        "version" : "1.2.0"
      }
    }
  ],
  "version" : 2
}
